// !$*UTF8*$!
{
	archiveVersion = 1;
	classes = {
	};
	objectVersion = 50;
	objects = {

/* Begin PBXBuildFile section */
		0CBEE5302704833D00809059 /* AppDelegate.swift in Sources */ = {isa = PBXBuildFile; fileRef = 0CBEE52F2704833D00809059 /* AppDelegate.swift */; };
		0CBEE5322704833D00809059 /* SceneDelegate.swift in Sources */ = {isa = PBXBuildFile; fileRef = 0CBEE5312704833D00809059 /* SceneDelegate.swift */; };
		0CBEE5342704833D00809059 /* ViewController.swift in Sources */ = {isa = PBXBuildFile; fileRef = 0CBEE5332704833D00809059 /* ViewController.swift */; };
		0CBEE5372704833D00809059 /* Main.storyboard in Resources */ = {isa = PBXBuildFile; fileRef = 0CBEE5352704833D00809059 /* Main.storyboard */; };
		0CBEE5392704833E00809059 /* Assets.xcassets in Resources */ = {isa = PBXBuildFile; fileRef = 0CBEE5382704833E00809059 /* Assets.xcassets */; };
		0CBEE53C2704833E00809059 /* LaunchScreen.storyboard in Resources */ = {isa = PBXBuildFile; fileRef = 0CBEE53A2704833E00809059 /* LaunchScreen.storyboard */; };
		F718D3F3270490460034D15B /* HomePage.storyboard in Resources */ = {isa = PBXBuildFile; fileRef = F718D3F2270490460034D15B /* HomePage.storyboard */; };
/* End PBXBuildFile section */

/* Begin PBXFileReference section */
		0CBEE52C2704833D00809059 /* EwanoCash.app */ = {isa = PBXFileReference; explicitFileType = wrapper.application; includeInIndex = 0; path = EwanoCash.app; sourceTree = BUILT_PRODUCTS_DIR; };
		0CBEE52F2704833D00809059 /* AppDelegate.swift */ = {isa = PBXFileReference; lastKnownFileType = sourcecode.swift; path = AppDelegate.swift; sourceTree = "<group>"; };
		0CBEE5312704833D00809059 /* SceneDelegate.swift */ = {isa = PBXFileReference; lastKnownFileType = sourcecode.swift; path = SceneDelegate.swift; sourceTree = "<group>"; };
		0CBEE5332704833D00809059 /* ViewController.swift */ = {isa = PBXFileReference; lastKnownFileType = sourcecode.swift; path = ViewController.swift; sourceTree = "<group>"; };
		0CBEE5362704833D00809059 /* Base */ = {isa = PBXFileReference; lastKnownFileType = file.storyboard; name = Base; path = Base.lproj/Main.storyboard; sourceTree = "<group>"; };
		0CBEE5382704833E00809059 /* Assets.xcassets */ = {isa = PBXFileReference; lastKnownFileType = folder.assetcatalog; path = Assets.xcassets; sourceTree = "<group>"; };
		0CBEE53B2704833E00809059 /* Base */ = {isa = PBXFileReference; lastKnownFileType = file.storyboard; name = Base; path = Base.lproj/LaunchScreen.storyboard; sourceTree = "<group>"; };
		0CBEE53D2704833E00809059 /* Info.plist */ = {isa = PBXFileReference; lastKnownFileType = text.plist.xml; path = Info.plist; sourceTree = "<group>"; };
		F718D3F2270490460034D15B /* HomePage.storyboard */ = {isa = PBXFileReference; lastKnownFileType = file.storyboard; path = HomePage.storyboard; sourceTree = "<group>"; };
		F718D3F5270492BB0034D15B /* ar */ = {isa = PBXFileReference; lastKnownFileType = text.plist.strings; name = ar; path = ar.lproj/Main.strings; sourceTree = "<group>"; };
		F718D3F6270492BC0034D15B /* ar */ = {isa = PBXFileReference; lastKnownFileType = text.plist.strings; name = ar; path = ar.lproj/LaunchScreen.strings; sourceTree = "<group>"; };
		F718D3F7270492F30034D15B /* fa */ = {isa = PBXFileReference; lastKnownFileType = text.plist.strings; name = fa; path = fa.lproj/Main.strings; sourceTree = "<group>"; };
		F718D3F8270492F30034D15B /* fa */ = {isa = PBXFileReference; lastKnownFileType = text.plist.strings; name = fa; path = fa.lproj/LaunchScreen.strings; sourceTree = "<group>"; };
/* End PBXFileReference section */

/* Begin PBXFrameworksBuildPhase section */
		0CBEE5292704833D00809059 /* Frameworks */ = {
			isa = PBXFrameworksBuildPhase;
			buildActionMask = 2147483647;
			files = (
			);
			runOnlyForDeploymentPostprocessing = 0;
		};
/* End PBXFrameworksBuildPhase section */

/* Begin PBXGroup section */
		0CBEE5232704833D00809059 = {
			isa = PBXGroup;
			children = (
				0CBEE52E2704833D00809059 /* EwanoCash */,
				0CBEE52D2704833D00809059 /* Products */,
			);
			sourceTree = "<group>";
		};
		0CBEE52D2704833D00809059 /* Products */ = {
			isa = PBXGroup;
			children = (
				0CBEE52C2704833D00809059 /* EwanoCash.app */,
			);
			name = Products;
			sourceTree = "<group>";
		};
		0CBEE52E2704833D00809059 /* EwanoCash */ = {
			isa = PBXGroup;
			children = (
				0CBEE52F2704833D00809059 /* AppDelegate.swift */,
				0CBEE5312704833D00809059 /* SceneDelegate.swift */,
				0CBEE5332704833D00809059 /* ViewController.swift */,
				0CBEE5352704833D00809059 /* Main.storyboard */,
				F718D3F4270490830034D15B /* HomePage */,
				0CBEE5382704833E00809059 /* Assets.xcassets */,
				0CBEE53A2704833E00809059 /* LaunchScreen.storyboard */,
				0CBEE53D2704833E00809059 /* Info.plist */,
			);
			path = EwanoCash;
			sourceTree = "<group>";
		};
		F718D3F4270490830034D15B /* HomePage */ = {
			isa = PBXGroup;
			children = (
				F718D3F2270490460034D15B /* HomePage.storyboard */,
			);
			path = HomePage;
			sourceTree = "<group>";
		};
/* End PBXGroup section */

/* Begin PBXNativeTarget section */
		0CBEE52B2704833D00809059 /* EwanoCash */ = {
			isa = PBXNativeTarget;
			buildConfigurationList = 0CBEE5402704833E00809059 /* Build configuration list for PBXNativeTarget "EwanoCash" */;
			buildPhases = (
				0CBEE5282704833D00809059 /* Sources */,
				0CBEE5292704833D00809059 /* Frameworks */,
				0CBEE52A2704833D00809059 /* Resources */,
			);
			buildRules = (
			);
			dependencies = (
			);
			name = EwanoCash;
			productName = EwanoCash;
			productReference = 0CBEE52C2704833D00809059 /* EwanoCash.app */;
			productType = "com.apple.product-type.application";
		};
/* End PBXNativeTarget section */

/* Begin PBXProject section */
		0CBEE5242704833D00809059 /* Project object */ = {
			isa = PBXProject;
			attributes = {
				LastSwiftUpdateCheck = 1250;
				LastUpgradeCheck = 1250;
				TargetAttributes = {
					0CBEE52B2704833D00809059 = {
						CreatedOnToolsVersion = 12.5.1;
					};
				};
			};
			buildConfigurationList = 0CBEE5272704833D00809059 /* Build configuration list for PBXProject "EwanoCash" */;
			compatibilityVersion = "Xcode 9.3";
			developmentRegion = en;
			hasScannedForEncodings = 0;
			knownRegions = (
				en,
				Base,
				ar,
				fa,
			);
			mainGroup = 0CBEE5232704833D00809059;
			productRefGroup = 0CBEE52D2704833D00809059 /* Products */;
			projectDirPath = "";
			projectRoot = "";
			targets = (
				0CBEE52B2704833D00809059 /* EwanoCash */,
			);
		};
/* End PBXProject section */

/* Begin PBXResourcesBuildPhase section */
		0CBEE52A2704833D00809059 /* Resources */ = {
			isa = PBXResourcesBuildPhase;
			buildActionMask = 2147483647;
			files = (
				F718D3F3270490460034D15B /* HomePage.storyboard in Resources */,
				0CBEE53C2704833E00809059 /* LaunchScreen.storyboard in Resources */,
				0CBEE5392704833E00809059 /* Assets.xcassets in Resources */,
				0CBEE5372704833D00809059 /* Main.storyboard in Resources */,
			);
			runOnlyForDeploymentPostprocessing = 0;
		};
/* End PBXResourcesBuildPhase section */

/* Begin PBXSourcesBuildPhase section */
		0CBEE5282704833D00809059 /* Sources */ = {
			isa = PBXSourcesBuildPhase;
			buildActionMask = 2147483647;
			files = (
				0CBEE5342704833D00809059 /* ViewController.swift in Sources */,
				0CBEE5302704833D00809059 /* AppDelegate.swift in Sources */,
				0CBEE5322704833D00809059 /* SceneDelegate.swift in Sources */,
			);
			runOnlyForDeploymentPostprocessing = 0;
		};
/* End PBXSourcesBuildPhase section */

/* Begin PBXVariantGroup section */
		0CBEE5352704833D00809059 /* Main.storyboard */ = {
			isa = PBXVariantGroup;
			children = (
				0CBEE5362704833D00809059 /* Base */,
				F718D3F5270492BB0034D15B /* ar */,
				F718D3F7270492F30034D15B /* fa */,
			);
			name = Main.storyboard;
			sourceTree = "<group>";
		};
		0CBEE53A2704833E00809059 /* LaunchScreen.storyboard */ = {
			isa = PBXVariantGroup;
			children = (
				0CBEE53B2704833E00809059 /* Base */,
				F718D3F6270492BC0034D15B /* ar */,
				F718D3F8270492F30034D15B /* fa */,
			);
			name = LaunchScreen.storyboard;
			sourceTree = "<group>";
		};
/* End PBXVariantGroup section */

/* Begin XCBuildConfiguration section */
		0CBEE53E2704833E00809059 /* Debug */ = {
			isa = XCBuildConfiguration;
			buildSettings = {
				ALWAYS_SEARCH_USER_PATHS = NO;
				CLANG_ANALYZER_LOCALIZABILITY_NONLOCALIZED = YES;
				CLANG_ANALYZER_NONNULL = YES;
				CLANG_ANALYZER_NUMBER_OBJECT_CONVERSION = YES_AGGRESSIVE;
				CLANG_CXX_LANGUAGE_STANDARD = "gnu++14";
				CLANG_CXX_LIBRARY = "libc++";
				CLANG_ENABLE_MODULES = YES;
				CLANG_ENABLE_OBJC_ARC = YES;
				CLANG_ENABLE_OBJC_WEAK = YES;
				CLANG_WARN_BLOCK_CAPTURE_AUTORELEASING = YES;
				CLANG_WARN_BOOL_CONVERSION = YES;
				CLANG_WARN_COMMA = YES;
				CLANG_WARN_CONSTANT_CONVERSION = YES;
				CLANG_WARN_DEPRECATED_OBJC_IMPLEMENTATIONS = YES;
				CLANG_WARN_DIRECT_OBJC_ISA_USAGE = YES_ERROR;
				CLANG_WARN_DOCUMENTATION_COMMENTS = YES;
				CLANG_WARN_EMPTY_BODY = YES;
				CLANG_WARN_ENUM_CONVERSION = YES;
				CLANG_WARN_INFINITE_RECURSION = YES;
				CLANG_WARN_INT_CONVERSION = YES;
				CLANG_WARN_NON_LITERAL_NULL_CONVERSION = YES;
				CLANG_WARN_OBJC_IMPLICIT_RETAIN_SELF = YES;
				CLANG_WARN_OBJC_LITERAL_CONVERSION = YES;
				CLANG_WARN_OBJC_ROOT_CLASS = YES_ERROR;
				CLANG_WARN_QUOTED_INCLUDE_IN_FRAMEWORK_HEADER = YES;
				CLANG_WARN_RANGE_LOOP_ANALYSIS = YES;
				CLANG_WARN_STRICT_PROTOTYPES = YES;
				CLANG_WARN_SUSPICIOUS_MOVE = YES;
				CLANG_WARN_UNGUARDED_AVAILABILITY = YES_AGGRESSIVE;
				CLANG_WARN_UNREACHABLE_CODE = YES;
				CLANG_WARN__DUPLICATE_METHOD_MATCH = YES;
				COPY_PHASE_STRIP = NO;
				DEBUG_INFORMATION_FORMAT = dwarf;
				ENABLE_STRICT_OBJC_MSGSEND = YES;
				ENABLE_TESTABILITY = YES;
				GCC_C_LANGUAGE_STANDARD = gnu11;
				GCC_DYNAMIC_NO_PIC = NO;
				GCC_NO_COMMON_BLOCKS = YES;
				GCC_OPTIMIZATION_LEVEL = 0;
				GCC_PREPROCESSOR_DEFINITIONS = (
					"DEBUG=1",
					"$(inherited)",
				);
				GCC_WARN_64_TO_32_BIT_CONVERSION = YES;
				GCC_WARN_ABOUT_RETURN_TYPE = YES_ERROR;
				GCC_WARN_UNDECLARED_SELECTOR = YES;
				GCC_WARN_UNINITIALIZED_AUTOS = YES_AGGRESSIVE;
				GCC_WARN_UNUSED_FUNCTION = YES;
				GCC_WARN_UNUSED_VARIABLE = YES;
				IPHONEOS_DEPLOYMENT_TARGET = 11.0;
				MTL_ENABLE_DEBUG_INFO = INCLUDE_SOURCE;
				MTL_FAST_MATH = YES;
				ONLY_ACTIVE_ARCH = YES;
				SDKROOT = iphoneos;
				SWIFT_ACTIVE_COMPILATION_CONDITIONS = DEBUG;
				SWIFT_OPTIMIZATION_LEVEL = "-Onone";
			};
			name = Debug;
		};
		0CBEE53F2704833E00809059 /* Release */ = {
			isa = XCBuildConfiguration;
			buildSettings = {
				ALWAYS_SEARCH_USER_PATHS = NO;
				CLANG_ANALYZER_LOCALIZABILITY_NONLOCALIZED = YES;
				CLANG_ANALYZER_NONNULL = YES;
				CLANG_ANALYZER_NUMBER_OBJECT_CONVERSION = YES_AGGRESSIVE;
				CLANG_CXX_LANGUAGE_STANDARD = "gnu++14";
				CLANG_CXX_LIBRARY = "libc++";
				CLANG_ENABLE_MODULES = YES;
				CLANG_ENABLE_OBJC_ARC = YES;
				CLANG_ENABLE_OBJC_WEAK = YES;
				CLANG_WARN_BLOCK_CAPTURE_AUTORELEASING = YES;
				CLANG_WARN_BOOL_CONVERSION = YES;
				CLANG_WARN_COMMA = YES;
				CLANG_WARN_CONSTANT_CONVERSION = YES;
				CLANG_WARN_DEPRECATED_OBJC_IMPLEMENTATIONS = YES;
				CLANG_WARN_DIRECT_OBJC_ISA_USAGE = YES_ERROR;
				CLANG_WARN_DOCUMENTATION_COMMENTS = YES;
				CLANG_WARN_EMPTY_BODY = YES;
				CLANG_WARN_ENUM_CONVERSION = YES;
				CLANG_WARN_INFINITE_RECURSION = YES;
				CLANG_WARN_INT_CONVERSION = YES;
				CLANG_WARN_NON_LITERAL_NULL_CONVERSION = YES;
				CLANG_WARN_OBJC_IMPLICIT_RETAIN_SELF = YES;
				CLANG_WARN_OBJC_LITERAL_CONVERSION = YES;
				CLANG_WARN_OBJC_ROOT_CLASS = YES_ERROR;
				CLANG_WARN_QUOTED_INCLUDE_IN_FRAMEWORK_HEADER = YES;
				CLANG_WARN_RANGE_LOOP_ANALYSIS = YES;
				CLANG_WARN_STRICT_PROTOTYPES = YES;
				CLANG_WARN_SUSPICIOUS_MOVE = YES;
				CLANG_WARN_UNGUARDED_AVAILABILITY = YES_AGGRESSIVE;
				CLANG_WARN_UNREACHABLE_CODE = YES;
				CLANG_WARN__DUPLICATE_METHOD_MATCH = YES;
				COPY_PHASE_STRIP = NO;
				DEBUG_INFORMATION_FORMAT = "dwarf-with-dsym";
				ENABLE_NS_ASSERTIONS = NO;
				ENABLE_STRICT_OBJC_MSGSEND = YES;
				GCC_C_LANGUAGE_STANDARD = gnu11;
				GCC_NO_COMMON_BLOCKS = YES;
				GCC_WARN_64_TO_32_BIT_CONVERSION = YES;
				GCC_WARN_ABOUT_RETURN_TYPE = YES_ERROR;
				GCC_WARN_UNDECLARED_SELECTOR = YES;
				GCC_WARN_UNINITIALIZED_AUTOS = YES_AGGRESSIVE;
				GCC_WARN_UNUSED_FUNCTION = YES;
				GCC_WARN_UNUSED_VARIABLE = YES;
				IPHONEOS_DEPLOYMENT_TARGET = 11.0;
				MTL_ENABLE_DEBUG_INFO = NO;
				MTL_FAST_MATH = YES;
				SDKROOT = iphoneos;
				SWIFT_COMPILATION_MODE = wholemodule;
				SWIFT_OPTIMIZATION_LEVEL = "-O";
				VALIDATE_PRODUCT = YES;
			};
			name = Release;
		};
		0CBEE5412704833E00809059 /* Debug */ = {
			isa = XCBuildConfiguration;
			buildSettings = {
				ASSETCATALOG_COMPILER_APPICON_NAME = AppIcon;
				ASSETCATALOG_COMPILER_GLOBAL_ACCENT_COLOR_NAME = AccentColor;
				CODE_SIGN_STYLE = Automatic;
				DEVELOPMENT_TEAM = 4FN9SJ6S44;
				INFOPLIST_FILE = EwanoCash/Info.plist;
				IPHONEOS_DEPLOYMENT_TARGET = 11.0;
				LD_RUNPATH_SEARCH_PATHS = (
					"$(inherited)",
					"@executable_path/Frameworks",
				);
				PRODUCT_BUNDLE_IDENTIFIER = com.rohaamis.EwanoCash;
				PRODUCT_NAME = "$(TARGET_NAME)";
				SWIFT_VERSION = 5.0;
				TARGETED_DEVICE_FAMILY = "1,2";
			};
			name = Debug;
		};
		0CBEE5422704833E00809059 /* Release */ = {
			isa = XCBuildConfiguration;
			buildSettings = {
				ASSETCATALOG_COMPILER_APPICON_NAME = AppIcon;
				ASSETCATALOG_COMPILER_GLOBAL_ACCENT_COLOR_NAME = AccentColor;
				CODE_SIGN_STYLE = Automatic;
				DEVELOPMENT_TEAM = 4FN9SJ6S44;
				INFOPLIST_FILE = EwanoCash/Info.plist;
				IPHONEOS_DEPLOYMENT_TARGET = 11.0;
				LD_RUNPATH_SEARCH_PATHS = (
					"$(inherited)",
					"@executable_path/Frameworks",
				);
				PRODUCT_BUNDLE_IDENTIFIER = com.rohaamis.EwanoCash;
				PRODUCT_NAME = "$(TARGET_NAME)";
				SWIFT_VERSION = 5.0;
				TARGETED_DEVICE_FAMILY = "1,2";
			};
			name = Release;
		};
/* End XCBuildConfiguration section */

/* Begin XCConfigurationList section */
		0CBEE5272704833D00809059 /* Build configuration list for PBXProject "EwanoCash" */ = {
			isa = XCConfigurationList;
			buildConfigurations = (
				0CBEE53E2704833E00809059 /* Debug */,
				0CBEE53F2704833E00809059 /* Release */,
			);
			defaultConfigurationIsVisible = 0;
			defaultConfigurationName = Release;
		};
		0CBEE5402704833E00809059 /* Build configuration list for PBXNativeTarget "EwanoCash" */ = {
			isa = XCConfigurationList;
			buildConfigurations = (
				0CBEE5412704833E00809059 /* Debug */,
				0CBEE5422704833E00809059 /* Release */,
			);
			defaultConfigurationIsVisible = 0;
			defaultConfigurationName = Release;
		};
/* End XCConfigurationList section */
	};
	rootObject = 0CBEE5242704833D00809059 /* Project object */;
}
